
Microsoft Visual Studio Solution File, Format Version 12.00
# Visual Studio Version 16
VisualStudioVersion = 16.0.29806.167
MinimumVisualStudioVersion = 10.0.40219.1
Project("{2150E333-8FDC-42A3-9474-1A3956D46DE8}") = "Solution Items", "Solution Items", "{AB2FF6A0-91EA-4867-9308-1EE8CD285BE7}"
	ProjectSection(SolutionItems) = preProject
		.gitignore = .gitignore
		README.md = README.md
	EndProjectSection
EndProject
Project("{2150E333-8FDC-42A3-9474-1A3956D46DE8}") = "ExchangeService", "ExchangeService", "{0001126F-4A55-4EFD-95DE-AA1954904731}"
EndProject
Project("{FAE04EC0-301F-11D3-BF4B-00C04F79EFBC}") = "Lab.ExchangeNet45.Application", "Application\Lab.ExchangeNet45.Application.csproj", "{68EBAEB8-73DD-4685-B91E-FF62DCF290C8}"
EndProject
Project("{FAE04EC0-301F-11D3-BF4B-00C04F79EFBC}") = "Lab.ExchangeNet45.Application.Tests", "Application.Tests\Lab.ExchangeNet45.Application.Tests.csproj", "{068B6A7B-CF6B-42A6-9D3D-C3DA0A002A10}"
EndProject
Global
	GlobalSection(SolutionConfigurationPlatforms) = preSolution
		Debug|Any CPU = Debug|Any CPU
		Release|Any CPU = Release|Any CPU
	EndGlobalSection
	GlobalSection(ProjectConfigurationPlatforms) = postSolution
		{68EBAEB8-73DD-4685-B91E-FF62DCF290C8}.Debug|Any CPU.ActiveCfg = Debug|Any CPU
		{68EBAEB8-73DD-4685-B91E-FF62DCF290C8}.Debug|Any CPU.Build.0 = Debug|Any CPU
		{68EBAEB8-73DD-4685-B91E-FF62DCF290C8}.Release|Any CPU.ActiveCfg = Release|Any CPU
		{68EBAEB8-73DD-4685-B91E-FF62DCF290C8}.Release|Any CPU.Build.0 = Release|Any CPU
		{068B6A7B-CF6B-42A6-9D3D-C3DA0A002A10}.Debug|Any CPU.ActiveCfg = Debug|Any CPU
		{068B6A7B-CF6B-42A6-9D3D-C3DA0A002A10}.Debug|Any CPU.Build.0 = Debug|Any CPU
		{068B6A7B-CF6B-42A6-9D3D-C3DA0A002A10}.Release|Any CPU.ActiveCfg = Release|Any CPU
		{068B6A7B-CF6B-42A6-9D3D-C3DA0A002A10}.Release|Any CPU.Build.0 = Release|Any CPU
	EndGlobalSection
	GlobalSection(SolutionProperties) = preSolution
		HideSolutionNode = FALSE
	EndGlobalSection
	GlobalSection(NestedProjects) = preSolution
		{68EBAEB8-73DD-4685-B91E-FF62DCF290C8} = {0001126F-4A55-4EFD-95DE-AA1954904731}
		{068B6A7B-CF6B-42A6-9D3D-C3DA0A002A10} = {0001126F-4A55-4EFD-95DE-AA1954904731}
	EndGlobalSection
	GlobalSection(ExtensibilityGlobals) = postSolution
		SolutionGuid = {413B19DD-5EB4-4549-86D7-13A553676603}
	EndGlobalSection
EndGlobal
